// !$*UTF8*$!
{
	archiveVersion = 1;
	classes = {
	};
	objectVersion = 46;
	objects = {

/* Begin PBXBuildFile section */
		462A770816FC1B2400C3CBF7 /* HMRecipe.m in Sources */ = {isa = PBXBuildFile; fileRef = 462A770716FC1B2400C3CBF7 /* HMRecipe.m */; };
		4645D2F416F44D1900C38D39 /* UIKit.framework in Frameworks */ = {isa = PBXBuildFile; fileRef = 4645D2F316F44D1900C38D39 /* UIKit.framework */; };
		4645D2F616F44D1900C38D39 /* Foundation.framework in Frameworks */ = {isa = PBXBuildFile; fileRef = 4645D2F516F44D1900C38D39 /* Foundation.framework */; };
		4645D2F816F44D1900C38D39 /* CoreGraphics.framework in Frameworks */ = {isa = PBXBuildFile; fileRef = 4645D2F716F44D1900C38D39 /* CoreGraphics.framework */; };
		4645D2FA16F44D1900C38D39 /* CoreData.framework in Frameworks */ = {isa = PBXBuildFile; fileRef = 4645D2F916F44D1900C38D39 /* CoreData.framework */; };
		4645D30016F44D1900C38D39 /* InfoPlist.strings in Resources */ = {isa = PBXBuildFile; fileRef = 4645D2FE16F44D1900C38D39 /* InfoPlist.strings */; };
		4645D30216F44D1900C38D39 /* main.m in Sources */ = {isa = PBXBuildFile; fileRef = 4645D30116F44D1900C38D39 /* main.m */; };
		4645D30616F44D1900C38D39 /* HMAppDelegate.m in Sources */ = {isa = PBXBuildFile; fileRef = 4645D30516F44D1900C38D39 /* HMAppDelegate.m */; };
		4645D30816F44D1900C38D39 /* Default.png in Resources */ = {isa = PBXBuildFile; fileRef = 4645D30716F44D1900C38D39 /* Default.png */; };
		4645D30A16F44D1900C38D39 /* Default@2x.png in Resources */ = {isa = PBXBuildFile; fileRef = 4645D30916F44D1900C38D39 /* Default@2x.png */; };
		4645D30C16F44D1900C38D39 /* Default-568h@2x.png in Resources */ = {isa = PBXBuildFile; fileRef = 4645D30B16F44D1900C38D39 /* Default-568h@2x.png */; };
		4645D30F16F44D1900C38D39 /* homemade.xcdatamodeld in Sources */ = {isa = PBXBuildFile; fileRef = 4645D30D16F44D1900C38D39 /* homemade.xcdatamodeld */; };
		4645D31B16F44DC200C38D39 /* Accounts.framework in Frameworks */ = {isa = PBXBuildFile; fileRef = 4645D31616F44DC200C38D39 /* Accounts.framework */; settings = {ATTRIBUTES = (Weak, ); }; };
		4645D31C16F44DC200C38D39 /* AdSupport.framework in Frameworks */ = {isa = PBXBuildFile; fileRef = 4645D31716F44DC200C38D39 /* AdSupport.framework */; settings = {ATTRIBUTES = (Weak, ); }; };
		4645D31D16F44DC200C38D39 /* Security.framework in Frameworks */ = {isa = PBXBuildFile; fileRef = 4645D31816F44DC200C38D39 /* Security.framework */; };
		4645D31E16F44DC200C38D39 /* Social.framework in Frameworks */ = {isa = PBXBuildFile; fileRef = 4645D31916F44DC200C38D39 /* Social.framework */; settings = {ATTRIBUTES = (Weak, ); }; };
		4645D31F16F44DC200C38D39 /* SystemConfiguration.framework in Frameworks */ = {isa = PBXBuildFile; fileRef = 4645D31A16F44DC200C38D39 /* SystemConfiguration.framework */; };
		4645D32116F44DDB00C38D39 /* FacebookSDK.framework in Frameworks */ = {isa = PBXBuildFile; fileRef = 4645D32016F44DDB00C38D39 /* FacebookSDK.framework */; };
		4645D32416F44E3B00C38D39 /* FacebookSDKResources.bundle in Resources */ = {isa = PBXBuildFile; fileRef = 4645D32316F44E3B00C38D39 /* FacebookSDKResources.bundle */; };
		4645D33916F4512C00C38D39 /* AFHTTPClient.m in Sources */ = {isa = PBXBuildFile; fileRef = 4645D32716F4512C00C38D39 /* AFHTTPClient.m */; };
		4645D33A16F4512C00C38D39 /* AFHTTPRequestOperation.m in Sources */ = {isa = PBXBuildFile; fileRef = 4645D32916F4512C00C38D39 /* AFHTTPRequestOperation.m */; };
		4645D33B16F4512C00C38D39 /* AFImageRequestOperation.m in Sources */ = {isa = PBXBuildFile; fileRef = 4645D32B16F4512C00C38D39 /* AFImageRequestOperation.m */; };
		4645D33C16F4512C00C38D39 /* AFJSONRequestOperation.m in Sources */ = {isa = PBXBuildFile; fileRef = 4645D32D16F4512C00C38D39 /* AFJSONRequestOperation.m */; };
		4645D33D16F4512C00C38D39 /* AFNetworkActivityIndicatorManager.m in Sources */ = {isa = PBXBuildFile; fileRef = 4645D32F16F4512C00C38D39 /* AFNetworkActivityIndicatorManager.m */; };
		4645D33E16F4512C00C38D39 /* AFPropertyListRequestOperation.m in Sources */ = {isa = PBXBuildFile; fileRef = 4645D33216F4512C00C38D39 /* AFPropertyListRequestOperation.m */; };
		4645D33F16F4512C00C38D39 /* AFURLConnectionOperation.m in Sources */ = {isa = PBXBuildFile; fileRef = 4645D33416F4512C00C38D39 /* AFURLConnectionOperation.m */; };
		4645D34016F4512C00C38D39 /* AFXMLRequestOperation.m in Sources */ = {isa = PBXBuildFile; fileRef = 4645D33616F4512C00C38D39 /* AFXMLRequestOperation.m */; };
		4645D34116F4512C00C38D39 /* UIImageView+AFNetworking.m in Sources */ = {isa = PBXBuildFile; fileRef = 4645D33816F4512C00C38D39 /* UIImageView+AFNetworking.m */; };
		4645D34716F4513600C38D39 /* FXImageView.m in Sources */ = {isa = PBXBuildFile; fileRef = 4645D34416F4513600C38D39 /* FXImageView.m */; };
		4645D34816F4513600C38D39 /* UIImage+FX.m in Sources */ = {isa = PBXBuildFile; fileRef = 4645D34616F4513600C38D39 /* UIImage+FX.m */; };
		4645D34E16F4513C00C38D39 /* JASidePanelController.m in Sources */ = {isa = PBXBuildFile; fileRef = 4645D34B16F4513C00C38D39 /* JASidePanelController.m */; };
		4645D34F16F4513C00C38D39 /* UIViewController+JASidePanel.m in Sources */ = {isa = PBXBuildFile; fileRef = 4645D34D16F4513C00C38D39 /* UIViewController+JASidePanel.m */; };
		4645D35816F4514800C38D39 /* SVProgressHUD.bundle in Resources */ = {isa = PBXBuildFile; fileRef = 4645D35516F4514800C38D39 /* SVProgressHUD.bundle */; };
		4645D35916F4514800C38D39 /* SVProgressHUD.m in Sources */ = {isa = PBXBuildFile; fileRef = 4645D35716F4514800C38D39 /* SVProgressHUD.m */; };
		4645D36016F4514F00C38D39 /* UIScrollView+SVInfiniteScrolling.m in Sources */ = {isa = PBXBuildFile; fileRef = 4645D35D16F4514F00C38D39 /* UIScrollView+SVInfiniteScrolling.m */; };
		4645D36116F4514F00C38D39 /* UIScrollView+SVPullToRefresh.m in Sources */ = {isa = PBXBuildFile; fileRef = 4645D35F16F4514F00C38D39 /* UIScrollView+SVPullToRefresh.m */; };
		4645D36616F4666800C38D39 /* HMMainViewController.m in Sources */ = {isa = PBXBuildFile; fileRef = 4645D36516F4666800C38D39 /* HMMainViewController.m */; };
		4645D36C16F4940E00C38D39 /* HMFeedStreamViewController.m in Sources */ = {isa = PBXBuildFile; fileRef = 4645D36B16F4940E00C38D39 /* HMFeedStreamViewController.m */; };
		4645D36E16F494AC00C38D39 /* QuartzCore.framework in Frameworks */ = {isa = PBXBuildFile; fileRef = 4645D36D16F494AC00C38D39 /* QuartzCore.framework */; };
		4645D37816F5288900C38D39 /* icon_cloud.png in Resources */ = {isa = PBXBuildFile; fileRef = 4645D37216F5288900C38D39 /* icon_cloud.png */; };
		4645D37916F5288900C38D39 /* icon_date.png in Resources */ = {isa = PBXBuildFile; fileRef = 4645D37316F5288900C38D39 /* icon_date.png */; };
		4645D37A16F5288900C38D39 /* icon_heart.png in Resources */ = {isa = PBXBuildFile; fileRef = 4645D37416F5288900C38D39 /* icon_heart.png */; };
		4645D37B16F5288900C38D39 /* icon_search.png in Resources */ = {isa = PBXBuildFile; fileRef = 4645D37516F5288900C38D39 /* icon_search.png */; };
		4645D37C16F5288900C38D39 /* icon_setting.png in Resources */ = {isa = PBXBuildFile; fileRef = 4645D37616F5288900C38D39 /* icon_setting.png */; };
		4645D37F16F52FE100C38D39 /* icon_menu.png in Resources */ = {isa = PBXBuildFile; fileRef = 4645D37E16F52FE100C38D39 /* icon_menu.png */; };
		4645D38416F5E8ED00C38D39 /* HMSearchViewController.m in Sources */ = {isa = PBXBuildFile; fileRef = 4645D38316F5E8ED00C38D39 /* HMSearchViewController.m */; };
		4645D39216F5F1BB00C38D39 /* HMFeedItem.m in Sources */ = {isa = PBXBuildFile; fileRef = 4645D39116F5F1BB00C38D39 /* HMFeedItem.m */; };
		4645D39716F68F3100C38D39 /* HMDoneViewController.m in Sources */ = {isa = PBXBuildFile; fileRef = 4645D39616F68F3100C38D39 /* HMDoneViewController.m */; };
		4645D39A16F68F4C00C38D39 /* HMSaveViewController.m in Sources */ = {isa = PBXBuildFile; fileRef = 4645D39916F68F4C00C38D39 /* HMSaveViewController.m */; };
		4645D39F16F6917400C38D39 /* MobileCoreServices.framework in Frameworks */ = {isa = PBXBuildFile; fileRef = 4645D39E16F6917400C38D39 /* MobileCoreServices.framework */; };
		4645D3A216F6929C00C38D39 /* HMMenuViewController.m in Sources */ = {isa = PBXBuildFile; fileRef = 4645D3A116F6929C00C38D39 /* HMMenuViewController.m */; };
		4645D3A516F718DD00C38D39 /* HMSettingViewController.m in Sources */ = {isa = PBXBuildFile; fileRef = 4645D3A416F718DD00C38D39 /* HMSettingViewController.m */; };
		4645D3A916F727A300C38D39 /* HMAccountViewController.m in Sources */ = {isa = PBXBuildFile; fileRef = 4645D3A816F727A300C38D39 /* HMAccountViewController.m */; };
		4645D3C016F9859C00C38D39 /* HM_app_icon 2.png in Resources */ = {isa = PBXBuildFile; fileRef = 4645D3BF16F9859C00C38D39 /* HM_app_icon 2.png */; };
		4645D3F216F9AA4E00C38D39 /* HMFeedAPIClient.m in Sources */ = {isa = PBXBuildFile; fileRef = 4645D3F116F9AA4E00C38D39 /* HMFeedAPIClient.m */; };
		4645D3F516FB441000C38D39 /* HMFeedStreamViewCell.m in Sources */ = {isa = PBXBuildFile; fileRef = 4645D3F416FB440F00C38D39 /* HMFeedStreamViewCell.m */; };
		4645D3F916FB539D00C38D39 /* HMNavigationBar.m in Sources */ = {isa = PBXBuildFile; fileRef = 4645D3F816FB539D00C38D39 /* HMNavigationBar.m */; };
		466F4F75170154860076AB3D /* SSKeychain.m in Sources */ = {isa = PBXBuildFile; fileRef = 466F4F72170154860076AB3D /* SSKeychain.m */; };
		466F4F76170154860076AB3D /* SSKeychainQuery.m in Sources */ = {isa = PBXBuildFile; fileRef = 466F4F74170154860076AB3D /* SSKeychainQuery.m */; };
		466F4F841701A61B0076AB3D /* UIColor+CIELAB.m in Sources */ = {isa = PBXBuildFile; fileRef = 466F4F7B1701A61B0076AB3D /* UIColor+CIELAB.m */; };
		466F4F851701A61B0076AB3D /* UIColor+Crayola.m in Sources */ = {isa = PBXBuildFile; fileRef = 466F4F7D1701A61B0076AB3D /* UIColor+Crayola.m */; };
		466F4F861701A61B0076AB3D /* UIColor+Hex.m in Sources */ = {isa = PBXBuildFile; fileRef = 466F4F7F1701A61B0076AB3D /* UIColor+Hex.m */; };
		466F4F871701A61B0076AB3D /* UIColor+HSB.m in Sources */ = {isa = PBXBuildFile; fileRef = 466F4F811701A61B0076AB3D /* UIColor+HSB.m */; };
		466F4F881701A61B0076AB3D /* UIColor+HSL.m in Sources */ = {isa = PBXBuildFile; fileRef = 466F4F831701A61B0076AB3D /* UIColor+HSL.m */; };
		466F4F8A1701AD5B0076AB3D /* icons_1.png in Resources */ = {isa = PBXBuildFile; fileRef = 466F4F891701AD5B0076AB3D /* icons_1.png */; };
		466F4F8C1701B5850076AB3D /* icons_2.png in Resources */ = {isa = PBXBuildFile; fileRef = 466F4F8B1701B5850076AB3D /* icons_2.png */; };
		466F4F8E1701B76E0076AB3D /* icons_3.png in Resources */ = {isa = PBXBuildFile; fileRef = 466F4F8D1701B76E0076AB3D /* icons_3.png */; };
		466F4F901701B77B0076AB3D /* icons_4.png in Resources */ = {isa = PBXBuildFile; fileRef = 466F4F8F1701B77B0076AB3D /* icons_4.png */; };
		466F4F941702FDAB0076AB3D /* nav-bar@2x.png in Resources */ = {isa = PBXBuildFile; fileRef = 466F4F931702FDAB0076AB3D /* nav-bar@2x.png */; };
		466F4F961703046F0076AB3D /* icons_search.png in Resources */ = {isa = PBXBuildFile; fileRef = 466F4F951703046F0076AB3D /* icons_search.png */; };
		466F4FA7170309E30076AB3D /* HMRecipeViewController.m in Sources */ = {isa = PBXBuildFile; fileRef = 466F4FA61703093B0076AB3D /* HMRecipeViewController.m */; };
		466F4FA817030A000076AB3D /* HMIngredientCell.m in Sources */ = {isa = PBXBuildFile; fileRef = 466F4FA01703093B0076AB3D /* HMIngredientCell.m */; };
		466F4FA917030A030076AB3D /* HMRecipeStepCell.m in Sources */ = {isa = PBXBuildFile; fileRef = 466F4FA21703093B0076AB3D /* HMRecipeStepCell.m */; };
		466F4FAA17030A050076AB3D /* HMRecipeTipCell.m in Sources */ = {isa = PBXBuildFile; fileRef = 466F4FA41703093B0076AB3D /* HMRecipeTipCell.m */; };
		466F4FAC1703144E0076AB3D /* icons_menu.png in Resources */ = {isa = PBXBuildFile; fileRef = 466F4FAB1703144E0076AB3D /* icons_menu.png */; };
		466F4FB8170408490076AB3D /* pic_1.jpg in Resources */ = {isa = PBXBuildFile; fileRef = 466F4FAE170408490076AB3D /* pic_1.jpg */; };
		466F4FB9170408490076AB3D /* pic_2.jpg in Resources */ = {isa = PBXBuildFile; fileRef = 466F4FAF170408490076AB3D /* pic_2.jpg */; };
		466F4FBA170408490076AB3D /* pic_3.jpg in Resources */ = {isa = PBXBuildFile; fileRef = 466F4FB0170408490076AB3D /* pic_3.jpg */; };
		466F4FBB170408490076AB3D /* pic_4.jpg in Resources */ = {isa = PBXBuildFile; fileRef = 466F4FB1170408490076AB3D /* pic_4.jpg */; };
		466F4FBC170408490076AB3D /* pic_5.jpg in Resources */ = {isa = PBXBuildFile; fileRef = 466F4FB2170408490076AB3D /* pic_5.jpg */; };
		466F4FBD170408490076AB3D /* pic_6.jpg in Resources */ = {isa = PBXBuildFile; fileRef = 466F4FB3170408490076AB3D /* pic_6.jpg */; };
		466F4FBE170408490076AB3D /* pic_7.jpg in Resources */ = {isa = PBXBuildFile; fileRef = 466F4FB4170408490076AB3D /* pic_7.jpg */; };
		466F4FBF170408490076AB3D /* pic_8.jpg in Resources */ = {isa = PBXBuildFile; fileRef = 466F4FB5170408490076AB3D /* pic_8.jpg */; };
		466F4FC0170408490076AB3D /* pic_9.jpg in Resources */ = {isa = PBXBuildFile; fileRef = 466F4FB6170408490076AB3D /* pic_9.jpg */; };
		466F4FC1170408490076AB3D /* pic_10.jpg in Resources */ = {isa = PBXBuildFile; fileRef = 466F4FB7170408490076AB3D /* pic_10.jpg */; };
		46A7D8DB16FDB5B7001C822D /* FXLabel.m in Sources */ = {isa = PBXBuildFile; fileRef = 46A7D8DA16FDB5B7001C822D /* FXLabel.m */; };
		EAA530EA16FADF2100916972 /* HMFeedItemJAO.m in Sources */ = {isa = PBXBuildFile; fileRef = EAA530E916FADF2100916972 /* HMFeedItemJAO.m */; };
		EAA530ED16FAE5CD00916972 /* HMMD5Hash.m in Sources */ = {isa = PBXBuildFile; fileRef = EAA530EC16FAE5CD00916972 /* HMMD5Hash.m */; };
		EAA530F216FAEE3D00916972 /* Homemade.xcdatamodeld in Sources */ = {isa = PBXBuildFile; fileRef = EAA530F016FAEE3D00916972 /* Homemade.xcdatamodeld */; };
		EAB6D50616F7246B00A3616F /* LeftPanelCell.m in Sources */ = {isa = PBXBuildFile; fileRef = EAB6D50516F7246B00A3616F /* LeftPanelCell.m */; };
		EAB6D50816F72A1600A3616F /* arrow_right.png in Resources */ = {isa = PBXBuildFile; fileRef = EAB6D50716F72A1600A3616F /* arrow_right.png */; };
		EAB6D50A16F856FC00A3616F /* arrow_right@2x.png in Resources */ = {isa = PBXBuildFile; fileRef = EAB6D50916F856FC00A3616F /* arrow_right@2x.png */; };
		EAB6D50F16F857F700A3616F /* blend_bottom.png in Resources */ = {isa = PBXBuildFile; fileRef = EAB6D50B16F857F700A3616F /* blend_bottom.png */; };
		EAB6D51016F857F700A3616F /* blend_bottom@2x.png in Resources */ = {isa = PBXBuildFile; fileRef = EAB6D50C16F857F700A3616F /* blend_bottom@2x.png */; };
		EAB6D51116F857F700A3616F /* blend_top.png in Resources */ = {isa = PBXBuildFile; fileRef = EAB6D50D16F857F700A3616F /* blend_top.png */; };
		EAB6D51216F857F700A3616F /* blend_top@2x.png in Resources */ = {isa = PBXBuildFile; fileRef = EAB6D50E16F857F700A3616F /* blend_top@2x.png */; };
/* End PBXBuildFile section */

/* Begin PBXFileReference section */
		462A770616FC1B2400C3CBF7 /* HMRecipe.h */ = {isa = PBXFileReference; fileEncoding = 4; lastKnownFileType = sourcecode.c.h; name = HMRecipe.h; path = BaseLayer/DataModel/HMRecipe.h; sourceTree = "<group>"; };
		462A770716FC1B2400C3CBF7 /* HMRecipe.m */ = {isa = PBXFileReference; fileEncoding = 4; lastKnownFileType = sourcecode.c.objc; name = HMRecipe.m; path = BaseLayer/DataModel/HMRecipe.m; sourceTree = "<group>"; };
		4645D2F016F44D1900C38D39 /* homemade.app */ = {isa = PBXFileReference; explicitFileType = wrapper.application; includeInIndex = 0; path = homemade.app; sourceTree = BUILT_PRODUCTS_DIR; };
		4645D2F316F44D1900C38D39 /* UIKit.framework */ = {isa = PBXFileReference; lastKnownFileType = wrapper.framework; name = UIKit.framework; path = System/Library/Frameworks/UIKit.framework; sourceTree = SDKROOT; };
		4645D2F516F44D1900C38D39 /* Foundation.framework */ = {isa = PBXFileReference; lastKnownFileType = wrapper.framework; name = Foundation.framework; path = System/Library/Frameworks/Foundation.framework; sourceTree = SDKROOT; };
		4645D2F716F44D1900C38D39 /* CoreGraphics.framework */ = {isa = PBXFileReference; lastKnownFileType = wrapper.framework; name = CoreGraphics.framework; path = System/Library/Frameworks/CoreGraphics.framework; sourceTree = SDKROOT; };
		4645D2F916F44D1900C38D39 /* CoreData.framework */ = {isa = PBXFileReference; lastKnownFileType = wrapper.framework; name = CoreData.framework; path = System/Library/Frameworks/CoreData.framework; sourceTree = SDKROOT; };
		4645D2FD16F44D1900C38D39 /* homemade-Info.plist */ = {isa = PBXFileReference; lastKnownFileType = text.plist.xml; path = "homemade-Info.plist"; sourceTree = "<group>"; };
		4645D2FF16F44D1900C38D39 /* en */ = {isa = PBXFileReference; lastKnownFileType = text.plist.strings; name = en; path = en.lproj/InfoPlist.strings; sourceTree = "<group>"; };
		4645D30116F44D1900C38D39 /* main.m */ = {isa = PBXFileReference; lastKnownFileType = sourcecode.c.objc; path = main.m; sourceTree = "<group>"; };
		4645D30316F44D1900C38D39 /* homemade-Prefix.pch */ = {isa = PBXFileReference; lastKnownFileType = sourcecode.c.h; path = "homemade-Prefix.pch"; sourceTree = "<group>"; };
		4645D30416F44D1900C38D39 /* HMAppDelegate.h */ = {isa = PBXFileReference; lastKnownFileType = sourcecode.c.h; path = HMAppDelegate.h; sourceTree = "<group>"; };
		4645D30516F44D1900C38D39 /* HMAppDelegate.m */ = {isa = PBXFileReference; lastKnownFileType = sourcecode.c.objc; path = HMAppDelegate.m; sourceTree = "<group>"; };
		4645D30716F44D1900C38D39 /* Default.png */ = {isa = PBXFileReference; lastKnownFileType = image.png; path = Default.png; sourceTree = "<group>"; };
		4645D30916F44D1900C38D39 /* Default@2x.png */ = {isa = PBXFileReference; lastKnownFileType = image.png; path = "Default@2x.png"; sourceTree = "<group>"; };
		4645D30B16F44D1900C38D39 /* Default-568h@2x.png */ = {isa = PBXFileReference; lastKnownFileType = image.png; path = "Default-568h@2x.png"; sourceTree = "<group>"; };
		4645D30E16F44D1900C38D39 /* homemade.xcdatamodel */ = {isa = PBXFileReference; lastKnownFileType = wrapper.xcdatamodel; path = homemade.xcdatamodel; sourceTree = "<group>"; };
		4645D31616F44DC200C38D39 /* Accounts.framework */ = {isa = PBXFileReference; lastKnownFileType = wrapper.framework; name = Accounts.framework; path = System/Library/Frameworks/Accounts.framework; sourceTree = SDKROOT; };
		4645D31716F44DC200C38D39 /* AdSupport.framework */ = {isa = PBXFileReference; lastKnownFileType = wrapper.framework; name = AdSupport.framework; path = System/Library/Frameworks/AdSupport.framework; sourceTree = SDKROOT; };
		4645D31816F44DC200C38D39 /* Security.framework */ = {isa = PBXFileReference; lastKnownFileType = wrapper.framework; name = Security.framework; path = System/Library/Frameworks/Security.framework; sourceTree = SDKROOT; };
		4645D31916F44DC200C38D39 /* Social.framework */ = {isa = PBXFileReference; lastKnownFileType = wrapper.framework; name = Social.framework; path = System/Library/Frameworks/Social.framework; sourceTree = SDKROOT; };
		4645D31A16F44DC200C38D39 /* SystemConfiguration.framework */ = {isa = PBXFileReference; lastKnownFileType = wrapper.framework; name = SystemConfiguration.framework; path = System/Library/Frameworks/SystemConfiguration.framework; sourceTree = SDKROOT; };
		4645D32016F44DDB00C38D39 /* FacebookSDK.framework */ = {isa = PBXFileReference; lastKnownFileType = wrapper.framework; name = FacebookSDK.framework; path = Vendor/FacebookSDK.framework; sourceTree = "<group>"; };
		4645D32316F44E3B00C38D39 /* FacebookSDKResources.bundle */ = {isa = PBXFileReference; lastKnownFileType = "wrapper.plug-in"; name = FacebookSDKResources.bundle; path = Vendor/FacebookSDK.framework/Versions/A/Resources/FacebookSDKResources.bundle; sourceTree = "<group>"; };
		4645D32616F4512C00C38D39 /* AFHTTPClient.h */ = {isa = PBXFileReference; fileEncoding = 4; lastKnownFileType = sourcecode.c.h; path = AFHTTPClient.h; sourceTree = "<group>"; };
		4645D32716F4512C00C38D39 /* AFHTTPClient.m */ = {isa = PBXFileReference; fileEncoding = 4; lastKnownFileType = sourcecode.c.objc; path = AFHTTPClient.m; sourceTree = "<group>"; };
		4645D32816F4512C00C38D39 /* AFHTTPRequestOperation.h */ = {isa = PBXFileReference; fileEncoding = 4; lastKnownFileType = sourcecode.c.h; path = AFHTTPRequestOperation.h; sourceTree = "<group>"; };
		4645D32916F4512C00C38D39 /* AFHTTPRequestOperation.m */ = {isa = PBXFileReference; fileEncoding = 4; lastKnownFileType = sourcecode.c.objc; path = AFHTTPRequestOperation.m; sourceTree = "<group>"; };
		4645D32A16F4512C00C38D39 /* AFImageRequestOperation.h */ = {isa = PBXFileReference; fileEncoding = 4; lastKnownFileType = sourcecode.c.h; path = AFImageRequestOperation.h; sourceTree = "<group>"; };
		4645D32B16F4512C00C38D39 /* AFImageRequestOperation.m */ = {isa = PBXFileReference; fileEncoding = 4; lastKnownFileType = sourcecode.c.objc; path = AFImageRequestOperation.m; sourceTree = "<group>"; };
		4645D32C16F4512C00C38D39 /* AFJSONRequestOperation.h */ = {isa = PBXFileReference; fileEncoding = 4; lastKnownFileType = sourcecode.c.h; path = AFJSONRequestOperation.h; sourceTree = "<group>"; };
		4645D32D16F4512C00C38D39 /* AFJSONRequestOperation.m */ = {isa = PBXFileReference; fileEncoding = 4; lastKnownFileType = sourcecode.c.objc; path = AFJSONRequestOperation.m; sourceTree = "<group>"; };
		4645D32E16F4512C00C38D39 /* AFNetworkActivityIndicatorManager.h */ = {isa = PBXFileReference; fileEncoding = 4; lastKnownFileType = sourcecode.c.h; path = AFNetworkActivityIndicatorManager.h; sourceTree = "<group>"; };
		4645D32F16F4512C00C38D39 /* AFNetworkActivityIndicatorManager.m */ = {isa = PBXFileReference; fileEncoding = 4; lastKnownFileType = sourcecode.c.objc; path = AFNetworkActivityIndicatorManager.m; sourceTree = "<group>"; };
		4645D33016F4512C00C38D39 /* AFNetworking.h */ = {isa = PBXFileReference; fileEncoding = 4; lastKnownFileType = sourcecode.c.h; path = AFNetworking.h; sourceTree = "<group>"; };
		4645D33116F4512C00C38D39 /* AFPropertyListRequestOperation.h */ = {isa = PBXFileReference; fileEncoding = 4; lastKnownFileType = sourcecode.c.h; path = AFPropertyListRequestOperation.h; sourceTree = "<group>"; };
		4645D33216F4512C00C38D39 /* AFPropertyListRequestOperation.m */ = {isa = PBXFileReference; fileEncoding = 4; lastKnownFileType = sourcecode.c.objc; path = AFPropertyListRequestOperation.m; sourceTree = "<group>"; };
		4645D33316F4512C00C38D39 /* AFURLConnectionOperation.h */ = {isa = PBXFileReference; fileEncoding = 4; lastKnownFileType = sourcecode.c.h; path = AFURLConnectionOperation.h; sourceTree = "<group>"; };
		4645D33416F4512C00C38D39 /* AFURLConnectionOperation.m */ = {isa = PBXFileReference; fileEncoding = 4; lastKnownFileType = sourcecode.c.objc; path = AFURLConnectionOperation.m; sourceTree = "<group>"; };
		4645D33516F4512C00C38D39 /* AFXMLRequestOperation.h */ = {isa = PBXFileReference; fileEncoding = 4; lastKnownFileType = sourcecode.c.h; path = AFXMLRequestOperation.h; sourceTree = "<group>"; };
		4645D33616F4512C00C38D39 /* AFXMLRequestOperation.m */ = {isa = PBXFileReference; fileEncoding = 4; lastKnownFileType = sourcecode.c.objc; path = AFXMLRequestOperation.m; sourceTree = "<group>"; };
		4645D33716F4512C00C38D39 /* UIImageView+AFNetworking.h */ = {isa = PBXFileReference; fileEncoding = 4; lastKnownFileType = sourcecode.c.h; path = "UIImageView+AFNetworking.h"; sourceTree = "<group>"; };
		4645D33816F4512C00C38D39 /* UIImageView+AFNetworking.m */ = {isa = PBXFileReference; fileEncoding = 4; lastKnownFileType = sourcecode.c.objc; path = "UIImageView+AFNetworking.m"; sourceTree = "<group>"; };
		4645D34316F4513600C38D39 /* FXImageView.h */ = {isa = PBXFileReference; fileEncoding = 4; lastKnownFileType = sourcecode.c.h; path = FXImageView.h; sourceTree = "<group>"; };
		4645D34416F4513600C38D39 /* FXImageView.m */ = {isa = PBXFileReference; fileEncoding = 4; lastKnownFileType = sourcecode.c.objc; path = FXImageView.m; sourceTree = "<group>"; };
		4645D34516F4513600C38D39 /* UIImage+FX.h */ = {isa = PBXFileReference; fileEncoding = 4; lastKnownFileType = sourcecode.c.h; path = "UIImage+FX.h"; sourceTree = "<group>"; };
		4645D34616F4513600C38D39 /* UIImage+FX.m */ = {isa = PBXFileReference; fileEncoding = 4; lastKnownFileType = sourcecode.c.objc; path = "UIImage+FX.m"; sourceTree = "<group>"; };
		4645D34A16F4513C00C38D39 /* JASidePanelController.h */ = {isa = PBXFileReference; fileEncoding = 4; lastKnownFileType = sourcecode.c.h; path = JASidePanelController.h; sourceTree = "<group>"; };
		4645D34B16F4513C00C38D39 /* JASidePanelController.m */ = {isa = PBXFileReference; fileEncoding = 4; lastKnownFileType = sourcecode.c.objc; path = JASidePanelController.m; sourceTree = "<group>"; };
		4645D34C16F4513C00C38D39 /* UIViewController+JASidePanel.h */ = {isa = PBXFileReference; fileEncoding = 4; lastKnownFileType = sourcecode.c.h; path = "UIViewController+JASidePanel.h"; sourceTree = "<group>"; };
		4645D34D16F4513C00C38D39 /* UIViewController+JASidePanel.m */ = {isa = PBXFileReference; fileEncoding = 4; lastKnownFileType = sourcecode.c.objc; path = "UIViewController+JASidePanel.m"; sourceTree = "<group>"; };
		4645D35516F4514800C38D39 /* SVProgressHUD.bundle */ = {isa = PBXFileReference; lastKnownFileType = "wrapper.plug-in"; path = SVProgressHUD.bundle; sourceTree = "<group>"; };
		4645D35616F4514800C38D39 /* SVProgressHUD.h */ = {isa = PBXFileReference; fileEncoding = 4; lastKnownFileType = sourcecode.c.h; path = SVProgressHUD.h; sourceTree = "<group>"; };
		4645D35716F4514800C38D39 /* SVProgressHUD.m */ = {isa = PBXFileReference; fileEncoding = 4; lastKnownFileType = sourcecode.c.objc; path = SVProgressHUD.m; sourceTree = "<group>"; };
		4645D35B16F4514F00C38D39 /* SVPullToRefresh.h */ = {isa = PBXFileReference; fileEncoding = 4; lastKnownFileType = sourcecode.c.h; path = SVPullToRefresh.h; sourceTree = "<group>"; };
		4645D35C16F4514F00C38D39 /* UIScrollView+SVInfiniteScrolling.h */ = {isa = PBXFileReference; fileEncoding = 4; lastKnownFileType = sourcecode.c.h; path = "UIScrollView+SVInfiniteScrolling.h"; sourceTree = "<group>"; };
		4645D35D16F4514F00C38D39 /* UIScrollView+SVInfiniteScrolling.m */ = {isa = PBXFileReference; fileEncoding = 4; lastKnownFileType = sourcecode.c.objc; path = "UIScrollView+SVInfiniteScrolling.m"; sourceTree = "<group>"; };
		4645D35E16F4514F00C38D39 /* UIScrollView+SVPullToRefresh.h */ = {isa = PBXFileReference; fileEncoding = 4; lastKnownFileType = sourcecode.c.h; path = "UIScrollView+SVPullToRefresh.h"; sourceTree = "<group>"; };
		4645D35F16F4514F00C38D39 /* UIScrollView+SVPullToRefresh.m */ = {isa = PBXFileReference; fileEncoding = 4; lastKnownFileType = sourcecode.c.objc; path = "UIScrollView+SVPullToRefresh.m"; sourceTree = "<group>"; };
		4645D36416F4666800C38D39 /* HMMainViewController.h */ = {isa = PBXFileReference; fileEncoding = 4; lastKnownFileType = sourcecode.c.h; name = HMMainViewController.h; path = UILayer/MainUI/HMMainViewController.h; sourceTree = "<group>"; };
		4645D36516F4666800C38D39 /* HMMainViewController.m */ = {isa = PBXFileReference; fileEncoding = 4; lastKnownFileType = sourcecode.c.objc; name = HMMainViewController.m; path = UILayer/MainUI/HMMainViewController.m; sourceTree = "<group>"; };
		4645D36A16F4940E00C38D39 /* HMFeedStreamViewController.h */ = {isa = PBXFileReference; fileEncoding = 4; lastKnownFileType = sourcecode.c.h; name = HMFeedStreamViewController.h; path = UILayer/MainUI/HMFeedStreamViewController.h; sourceTree = "<group>"; };
		4645D36B16F4940E00C38D39 /* HMFeedStreamViewController.m */ = {isa = PBXFileReference; fileEncoding = 4; lastKnownFileType = sourcecode.c.objc; name = HMFeedStreamViewController.m; path = UILayer/MainUI/HMFeedStreamViewController.m; sourceTree = "<group>"; };
		4645D36D16F494AC00C38D39 /* QuartzCore.framework */ = {isa = PBXFileReference; lastKnownFileType = wrapper.framework; name = QuartzCore.framework; path = System/Library/Frameworks/QuartzCore.framework; sourceTree = SDKROOT; };
		4645D37216F5288900C38D39 /* icon_cloud.png */ = {isa = PBXFileReference; lastKnownFileType = image.png; name = icon_cloud.png; path = Resources/icon_cloud.png; sourceTree = "<group>"; };
		4645D37316F5288900C38D39 /* icon_date.png */ = {isa = PBXFileReference; lastKnownFileType = image.png; name = icon_date.png; path = Resources/icon_date.png; sourceTree = "<group>"; };
		4645D37416F5288900C38D39 /* icon_heart.png */ = {isa = PBXFileReference; lastKnownFileType = image.png; name = icon_heart.png; path = Resources/icon_heart.png; sourceTree = "<group>"; };
		4645D37516F5288900C38D39 /* icon_search.png */ = {isa = PBXFileReference; lastKnownFileType = image.png; name = icon_search.png; path = Resources/icon_search.png; sourceTree = "<group>"; };
		4645D37616F5288900C38D39 /* icon_setting.png */ = {isa = PBXFileReference; lastKnownFileType = image.png; name = icon_setting.png; path = Resources/icon_setting.png; sourceTree = "<group>"; };
		4645D37E16F52FE100C38D39 /* icon_menu.png */ = {isa = PBXFileReference; lastKnownFileType = image.png; name = icon_menu.png; path = Resources/icon_menu.png; sourceTree = "<group>"; };
		4645D38216F5E8ED00C38D39 /* HMSearchViewController.h */ = {isa = PBXFileReference; fileEncoding = 4; lastKnownFileType = sourcecode.c.h; name = HMSearchViewController.h; path = UILayer/SearchUI/HMSearchViewController.h; sourceTree = "<group>"; };
		4645D38316F5E8ED00C38D39 /* HMSearchViewController.m */ = {isa = PBXFileReference; fileEncoding = 4; lastKnownFileType = sourcecode.c.objc; name = HMSearchViewController.m; path = UILayer/SearchUI/HMSearchViewController.m; sourceTree = "<group>"; };
		4645D39016F5F1BB00C38D39 /* HMFeedItem.h */ = {isa = PBXFileReference; fileEncoding = 4; lastKnownFileType = sourcecode.c.h; name = HMFeedItem.h; path = BaseLayer/DataModel/HMFeedItem.h; sourceTree = "<group>"; };
		4645D39116F5F1BB00C38D39 /* HMFeedItem.m */ = {isa = PBXFileReference; fileEncoding = 4; lastKnownFileType = sourcecode.c.objc; name = HMFeedItem.m; path = BaseLayer/DataModel/HMFeedItem.m; sourceTree = "<group>"; };
		4645D39516F68F3100C38D39 /* HMDoneViewController.h */ = {isa = PBXFileReference; fileEncoding = 4; lastKnownFileType = sourcecode.c.h; name = HMDoneViewController.h; path = UILayer/DoneUI/HMDoneViewController.h; sourceTree = "<group>"; };
		4645D39616F68F3100C38D39 /* HMDoneViewController.m */ = {isa = PBXFileReference; fileEncoding = 4; lastKnownFileType = sourcecode.c.objc; name = HMDoneViewController.m; path = UILayer/DoneUI/HMDoneViewController.m; sourceTree = "<group>"; };
		4645D39816F68F4C00C38D39 /* HMSaveViewController.h */ = {isa = PBXFileReference; fileEncoding = 4; lastKnownFileType = sourcecode.c.h; name = HMSaveViewController.h; path = UILayer/SaveUI/HMSaveViewController.h; sourceTree = "<group>"; };
		4645D39916F68F4C00C38D39 /* HMSaveViewController.m */ = {isa = PBXFileReference; fileEncoding = 4; lastKnownFileType = sourcecode.c.objc; name = HMSaveViewController.m; path = UILayer/SaveUI/HMSaveViewController.m; sourceTree = "<group>"; };
		4645D39E16F6917400C38D39 /* MobileCoreServices.framework */ = {isa = PBXFileReference; lastKnownFileType = wrapper.framework; name = MobileCoreServices.framework; path = System/Library/Frameworks/MobileCoreServices.framework; sourceTree = SDKROOT; };
		4645D3A016F6929C00C38D39 /* HMMenuViewController.h */ = {isa = PBXFileReference; fileEncoding = 4; lastKnownFileType = sourcecode.c.h; name = HMMenuViewController.h; path = UILayer/MenuUI/HMMenuViewController.h; sourceTree = "<group>"; };
		4645D3A116F6929C00C38D39 /* HMMenuViewController.m */ = {isa = PBXFileReference; fileEncoding = 4; lastKnownFileType = sourcecode.c.objc; name = HMMenuViewController.m; path = UILayer/MenuUI/HMMenuViewController.m; sourceTree = "<group>"; };
		4645D3A316F718DD00C38D39 /* HMSettingViewController.h */ = {isa = PBXFileReference; fileEncoding = 4; lastKnownFileType = sourcecode.c.h; name = HMSettingViewController.h; path = UILayer/SettingUI/HMSettingViewController.h; sourceTree = "<group>"; };
		4645D3A416F718DD00C38D39 /* HMSettingViewController.m */ = {isa = PBXFileReference; fileEncoding = 4; lastKnownFileType = sourcecode.c.objc; name = HMSettingViewController.m; path = UILayer/SettingUI/HMSettingViewController.m; sourceTree = "<group>"; };
		4645D3A716F727A300C38D39 /* HMAccountViewController.h */ = {isa = PBXFileReference; fileEncoding = 4; lastKnownFileType = sourcecode.c.h; name = HMAccountViewController.h; path = UILayer/AccountUI/HMAccountViewController.h; sourceTree = "<group>"; };
		4645D3A816F727A300C38D39 /* HMAccountViewController.m */ = {isa = PBXFileReference; fileEncoding = 4; lastKnownFileType = sourcecode.c.objc; name = HMAccountViewController.m; path = UILayer/AccountUI/HMAccountViewController.m; sourceTree = "<group>"; };
		4645D3BF16F9859C00C38D39 /* HM_app_icon 2.png */ = {isa = PBXFileReference; lastKnownFileType = image.png; path = "HM_app_icon 2.png"; sourceTree = "<group>"; };
		4645D3F016F9AA4E00C38D39 /* HMFeedAPIClient.h */ = {isa = PBXFileReference; fileEncoding = 4; lastKnownFileType = sourcecode.c.h; name = HMFeedAPIClient.h; path = BaseLayer/Network/HMFeedAPIClient.h; sourceTree = "<group>"; };
		4645D3F116F9AA4E00C38D39 /* HMFeedAPIClient.m */ = {isa = PBXFileReference; fileEncoding = 4; lastKnownFileType = sourcecode.c.objc; name = HMFeedAPIClient.m; path = BaseLayer/Network/HMFeedAPIClient.m; sourceTree = "<group>"; };
		4645D3F316FB440F00C38D39 /* HMFeedStreamViewCell.h */ = {isa = PBXFileReference; fileEncoding = 4; lastKnownFileType = sourcecode.c.h; name = HMFeedStreamViewCell.h; path = UILayer/MainUI/HMFeedStreamViewCell.h; sourceTree = "<group>"; };
		4645D3F416FB440F00C38D39 /* HMFeedStreamViewCell.m */ = {isa = PBXFileReference; fileEncoding = 4; lastKnownFileType = sourcecode.c.objc; name = HMFeedStreamViewCell.m; path = UILayer/MainUI/HMFeedStreamViewCell.m; sourceTree = "<group>"; };
		4645D3F716FB539D00C38D39 /* HMNavigationBar.h */ = {isa = PBXFileReference; fileEncoding = 4; lastKnownFileType = sourcecode.c.h; name = HMNavigationBar.h; path = UILayer/CommonUI/HMNavigationBar.h; sourceTree = "<group>"; };
		4645D3F816FB539D00C38D39 /* HMNavigationBar.m */ = {isa = PBXFileReference; fileEncoding = 4; lastKnownFileType = sourcecode.c.objc; name = HMNavigationBar.m; path = UILayer/CommonUI/HMNavigationBar.m; sourceTree = "<group>"; };
		466F4F71170154860076AB3D /* SSKeychain.h */ = {isa = PBXFileReference; fileEncoding = 4; lastKnownFileType = sourcecode.c.h; path = SSKeychain.h; sourceTree = "<group>"; };
		466F4F72170154860076AB3D /* SSKeychain.m */ = {isa = PBXFileReference; fileEncoding = 4; lastKnownFileType = sourcecode.c.objc; path = SSKeychain.m; sourceTree = "<group>"; };
		466F4F73170154860076AB3D /* SSKeychainQuery.h */ = {isa = PBXFileReference; fileEncoding = 4; lastKnownFileType = sourcecode.c.h; path = SSKeychainQuery.h; sourceTree = "<group>"; };
		466F4F74170154860076AB3D /* SSKeychainQuery.m */ = {isa = PBXFileReference; fileEncoding = 4; lastKnownFileType = sourcecode.c.objc; path = SSKeychainQuery.m; sourceTree = "<group>"; };
		466F4F781701A61B0076AB3D /* Crayola.h */ = {isa = PBXFileReference; fileEncoding = 4; lastKnownFileType = sourcecode.c.h; path = Crayola.h; sourceTree = "<group>"; };
		466F4F791701A61B0076AB3D /* EDColor.h */ = {isa = PBXFileReference; fileEncoding = 4; lastKnownFileType = sourcecode.c.h; path = EDColor.h; sourceTree = "<group>"; };
		466F4F7A1701A61B0076AB3D /* UIColor+CIELAB.h */ = {isa = PBXFileReference; fileEncoding = 4; lastKnownFileType = sourcecode.c.h; path = "UIColor+CIELAB.h"; sourceTree = "<group>"; };
		466F4F7B1701A61B0076AB3D /* UIColor+CIELAB.m */ = {isa = PBXFileReference; fileEncoding = 4; lastKnownFileType = sourcecode.c.objc; path = "UIColor+CIELAB.m"; sourceTree = "<group>"; };
		466F4F7C1701A61B0076AB3D /* UIColor+Crayola.h */ = {isa = PBXFileReference; fileEncoding = 4; lastKnownFileType = sourcecode.c.h; path = "UIColor+Crayola.h"; sourceTree = "<group>"; };
		466F4F7D1701A61B0076AB3D /* UIColor+Crayola.m */ = {isa = PBXFileReference; fileEncoding = 4; lastKnownFileType = sourcecode.c.objc; path = "UIColor+Crayola.m"; sourceTree = "<group>"; };
		466F4F7E1701A61B0076AB3D /* UIColor+Hex.h */ = {isa = PBXFileReference; fileEncoding = 4; lastKnownFileType = sourcecode.c.h; path = "UIColor+Hex.h"; sourceTree = "<group>"; };
		466F4F7F1701A61B0076AB3D /* UIColor+Hex.m */ = {isa = PBXFileReference; fileEncoding = 4; lastKnownFileType = sourcecode.c.objc; path = "UIColor+Hex.m"; sourceTree = "<group>"; };
		466F4F801701A61B0076AB3D /* UIColor+HSB.h */ = {isa = PBXFileReference; fileEncoding = 4; lastKnownFileType = sourcecode.c.h; path = "UIColor+HSB.h"; sourceTree = "<group>"; };
		466F4F811701A61B0076AB3D /* UIColor+HSB.m */ = {isa = PBXFileReference; fileEncoding = 4; lastKnownFileType = sourcecode.c.objc; path = "UIColor+HSB.m"; sourceTree = "<group>"; };
		466F4F821701A61B0076AB3D /* UIColor+HSL.h */ = {isa = PBXFileReference; fileEncoding = 4; lastKnownFileType = sourcecode.c.h; path = "UIColor+HSL.h"; sourceTree = "<group>"; };
		466F4F831701A61B0076AB3D /* UIColor+HSL.m */ = {isa = PBXFileReference; fileEncoding = 4; lastKnownFileType = sourcecode.c.objc; path = "UIColor+HSL.m"; sourceTree = "<group>"; };
		466F4F891701AD5B0076AB3D /* icons_1.png */ = {isa = PBXFileReference; lastKnownFileType = image.png; name = icons_1.png; path = Resources/icons_1.png; sourceTree = "<group>"; };
		466F4F8B1701B5850076AB3D /* icons_2.png */ = {isa = PBXFileReference; lastKnownFileType = image.png; name = icons_2.png; path = Resources/icons_2.png; sourceTree = "<group>"; };
		466F4F8D1701B76E0076AB3D /* icons_3.png */ = {isa = PBXFileReference; lastKnownFileType = image.png; name = icons_3.png; path = Resources/icons_3.png; sourceTree = "<group>"; };
		466F4F8F1701B77B0076AB3D /* icons_4.png */ = {isa = PBXFileReference; lastKnownFileType = image.png; name = icons_4.png; path = Resources/icons_4.png; sourceTree = "<group>"; };
		466F4F931702FDAB0076AB3D /* nav-bar@2x.png */ = {isa = PBXFileReference; lastKnownFileType = image.png; path = "nav-bar@2x.png"; sourceTree = "<group>"; };
		466F4F951703046F0076AB3D /* icons_search.png */ = {isa = PBXFileReference; lastKnownFileType = image.png; name = icons_search.png; path = Resources/icons_search.png; sourceTree = "<group>"; };
		466F4F9F1703093B0076AB3D /* HMIngredientCell.h */ = {isa = PBXFileReference; lastKnownFileType = sourcecode.c.h; name = HMIngredientCell.h; path = UILayer/RecipeUI/HMIngredientCell.h; sourceTree = "<group>"; };
		466F4FA01703093B0076AB3D /* HMIngredientCell.m */ = {isa = PBXFileReference; lastKnownFileType = sourcecode.c.objc; name = HMIngredientCell.m; path = UILayer/RecipeUI/HMIngredientCell.m; sourceTree = "<group>"; };
		466F4FA11703093B0076AB3D /* HMRecipeStepCell.h */ = {isa = PBXFileReference; lastKnownFileType = sourcecode.c.h; name = HMRecipeStepCell.h; path = UILayer/RecipeUI/HMRecipeStepCell.h; sourceTree = "<group>"; };
		466F4FA21703093B0076AB3D /* HMRecipeStepCell.m */ = {isa = PBXFileReference; lastKnownFileType = sourcecode.c.objc; name = HMRecipeStepCell.m; path = UILayer/RecipeUI/HMRecipeStepCell.m; sourceTree = "<group>"; };
		466F4FA31703093B0076AB3D /* HMRecipeTipCell.h */ = {isa = PBXFileReference; lastKnownFileType = sourcecode.c.h; name = HMRecipeTipCell.h; path = UILayer/RecipeUI/HMRecipeTipCell.h; sourceTree = "<group>"; };
		466F4FA41703093B0076AB3D /* HMRecipeTipCell.m */ = {isa = PBXFileReference; lastKnownFileType = sourcecode.c.objc; name = HMRecipeTipCell.m; path = UILayer/RecipeUI/HMRecipeTipCell.m; sourceTree = "<group>"; };
		466F4FA51703093B0076AB3D /* HMRecipeViewController.h */ = {isa = PBXFileReference; lastKnownFileType = sourcecode.c.h; name = HMRecipeViewController.h; path = UILayer/RecipeUI/HMRecipeViewController.h; sourceTree = "<group>"; };
		466F4FA61703093B0076AB3D /* HMRecipeViewController.m */ = {isa = PBXFileReference; lastKnownFileType = sourcecode.c.objc; name = HMRecipeViewController.m; path = UILayer/RecipeUI/HMRecipeViewController.m; sourceTree = "<group>"; };
		466F4FAB1703144E0076AB3D /* icons_menu.png */ = {isa = PBXFileReference; lastKnownFileType = image.png; name = icons_menu.png; path = Resources/icons_menu.png; sourceTree = "<group>"; };
		466F4FAE170408490076AB3D /* pic_1.jpg */ = {isa = PBXFileReference; lastKnownFileType = image.jpeg; name = pic_1.jpg; path = Resources/temp/pic_1.jpg; sourceTree = "<group>"; };
		466F4FAF170408490076AB3D /* pic_2.jpg */ = {isa = PBXFileReference; lastKnownFileType = image.jpeg; name = pic_2.jpg; path = Resources/temp/pic_2.jpg; sourceTree = "<group>"; };
		466F4FB0170408490076AB3D /* pic_3.jpg */ = {isa = PBXFileReference; lastKnownFileType = image.jpeg; name = pic_3.jpg; path = Resources/temp/pic_3.jpg; sourceTree = "<group>"; };
		466F4FB1170408490076AB3D /* pic_4.jpg */ = {isa = PBXFileReference; lastKnownFileType = image.jpeg; name = pic_4.jpg; path = Resources/temp/pic_4.jpg; sourceTree = "<group>"; };
		466F4FB2170408490076AB3D /* pic_5.jpg */ = {isa = PBXFileReference; lastKnownFileType = image.jpeg; name = pic_5.jpg; path = Resources/temp/pic_5.jpg; sourceTree = "<group>"; };
		466F4FB3170408490076AB3D /* pic_6.jpg */ = {isa = PBXFileReference; lastKnownFileType = image.jpeg; name = pic_6.jpg; path = Resources/temp/pic_6.jpg; sourceTree = "<group>"; };
		466F4FB4170408490076AB3D /* pic_7.jpg */ = {isa = PBXFileReference; lastKnownFileType = image.jpeg; name = pic_7.jpg; path = Resources/temp/pic_7.jpg; sourceTree = "<group>"; };
		466F4FB5170408490076AB3D /* pic_8.jpg */ = {isa = PBXFileReference; lastKnownFileType = image.jpeg; name = pic_8.jpg; path = Resources/temp/pic_8.jpg; sourceTree = "<group>"; };
		466F4FB6170408490076AB3D /* pic_9.jpg */ = {isa = PBXFileReference; lastKnownFileType = image.jpeg; name = pic_9.jpg; path = Resources/temp/pic_9.jpg; sourceTree = "<group>"; };
		466F4FB7170408490076AB3D /* pic_10.jpg */ = {isa = PBXFileReference; lastKnownFileType = image.jpeg; name = pic_10.jpg; path = Resources/temp/pic_10.jpg; sourceTree = "<group>"; };
		46A7D8D916FDB5B7001C822D /* FXLabel.h */ = {isa = PBXFileReference; fileEncoding = 4; lastKnownFileType = sourcecode.c.h; path = FXLabel.h; sourceTree = "<group>"; };
		46A7D8DA16FDB5B7001C822D /* FXLabel.m */ = {isa = PBXFileReference; fileEncoding = 4; lastKnownFileType = sourcecode.c.objc; path = FXLabel.m; sourceTree = "<group>"; };
		EAA530E816FADF2100916972 /* HMFeedItemJAO.h */ = {isa = PBXFileReference; fileEncoding = 4; lastKnownFileType = sourcecode.c.h; name = HMFeedItemJAO.h; path = BaseLayer/DataModel/HMFeedItemJAO.h; sourceTree = "<group>"; };
		EAA530E916FADF2100916972 /* HMFeedItemJAO.m */ = {isa = PBXFileReference; fileEncoding = 4; lastKnownFileType = sourcecode.c.objc; name = HMFeedItemJAO.m; path = BaseLayer/DataModel/HMFeedItemJAO.m; sourceTree = "<group>"; };
		EAA530EB16FAE5CD00916972 /* HMMD5Hash.h */ = {isa = PBXFileReference; fileEncoding = 4; lastKnownFileType = sourcecode.c.h; name = HMMD5Hash.h; path = BaseLayer/DataModel/HMMD5Hash.h; sourceTree = "<group>"; };
		EAA530EC16FAE5CD00916972 /* HMMD5Hash.m */ = {isa = PBXFileReference; fileEncoding = 4; lastKnownFileType = sourcecode.c.objc; name = HMMD5Hash.m; path = BaseLayer/DataModel/HMMD5Hash.m; sourceTree = "<group>"; };
		EAA530F116FAEE3D00916972 /* Homemade.xcdatamodel */ = {isa = PBXFileReference; lastKnownFileType = wrapper.xcdatamodel; path = Homemade.xcdatamodel; sourceTree = "<group>"; };
		EAB6D50416F7246B00A3616F /* LeftPanelCell.h */ = {isa = PBXFileReference; fileEncoding = 4; lastKnownFileType = sourcecode.c.h; name = LeftPanelCell.h; path = UILayer/MenuUI/LeftPanelCell.h; sourceTree = "<group>"; };
		EAB6D50516F7246B00A3616F /* LeftPanelCell.m */ = {isa = PBXFileReference; fileEncoding = 4; lastKnownFileType = sourcecode.c.objc; name = LeftPanelCell.m; path = UILayer/MenuUI/LeftPanelCell.m; sourceTree = "<group>"; };
		EAB6D50716F72A1600A3616F /* arrow_right.png */ = {isa = PBXFileReference; lastKnownFileType = image.png; path = arrow_right.png; sourceTree = "<group>"; };
		EAB6D50916F856FC00A3616F /* arrow_right@2x.png */ = {isa = PBXFileReference; lastKnownFileType = image.png; path = "arrow_right@2x.png"; sourceTree = "<group>"; };
		EAB6D50B16F857F700A3616F /* blend_bottom.png */ = {isa = PBXFileReference; lastKnownFileType = image.png; path = blend_bottom.png; sourceTree = "<group>"; };
		EAB6D50C16F857F700A3616F /* blend_bottom@2x.png */ = {isa = PBXFileReference; lastKnownFileType = image.png; path = "blend_bottom@2x.png"; sourceTree = "<group>"; };
		EAB6D50D16F857F700A3616F /* blend_top.png */ = {isa = PBXFileReference; lastKnownFileType = image.png; path = blend_top.png; sourceTree = "<group>"; };
		EAB6D50E16F857F700A3616F /* blend_top@2x.png */ = {isa = PBXFileReference; lastKnownFileType = image.png; path = "blend_top@2x.png"; sourceTree = "<group>"; };
/* End PBXFileReference section */

/* Begin PBXFrameworksBuildPhase section */
		4645D2ED16F44D1900C38D39 /* Frameworks */ = {
			isa = PBXFrameworksBuildPhase;
			buildActionMask = 2147483647;
			files = (
				4645D39F16F6917400C38D39 /* MobileCoreServices.framework in Frameworks */,
				4645D36E16F494AC00C38D39 /* QuartzCore.framework in Frameworks */,
				4645D31B16F44DC200C38D39 /* Accounts.framework in Frameworks */,
				4645D31C16F44DC200C38D39 /* AdSupport.framework in Frameworks */,
				4645D31D16F44DC200C38D39 /* Security.framework in Frameworks */,
				4645D31E16F44DC200C38D39 /* Social.framework in Frameworks */,
				4645D31F16F44DC200C38D39 /* SystemConfiguration.framework in Frameworks */,
				4645D2F416F44D1900C38D39 /* UIKit.framework in Frameworks */,
				4645D2F616F44D1900C38D39 /* Foundation.framework in Frameworks */,
				4645D2F816F44D1900C38D39 /* CoreGraphics.framework in Frameworks */,
				4645D2FA16F44D1900C38D39 /* CoreData.framework in Frameworks */,
				4645D32116F44DDB00C38D39 /* FacebookSDK.framework in Frameworks */,
			);
			runOnlyForDeploymentPostprocessing = 0;
		};
/* End PBXFrameworksBuildPhase section */

/* Begin PBXGroup section */
		462A770C16FC28B800C3CBF7 /* RecipeUI */ = {
			isa = PBXGroup;
			children = (
			);
			name = RecipeUI;
			sourceTree = "<group>";
		};
		4645D2E716F44D1800C38D39 = {
			isa = PBXGroup;
			children = (
				4645D38516F5ED9300C38D39 /* BaseLayer */,
				4645D36216F4660800C38D39 /* UILayer */,
				4645D32216F44E2400C38D39 /* Resources */,
				4645D31516F44D3F00C38D39 /* Vendor */,
				4645D2FB16F44D1900C38D39 /* homemade */,
				4645D2F216F44D1900C38D39 /* Frameworks */,
				4645D2F116F44D1900C38D39 /* Products */,
			);
			sourceTree = "<group>";
		};
		4645D2F116F44D1900C38D39 /* Products */ = {
			isa = PBXGroup;
			children = (
				4645D2F016F44D1900C38D39 /* homemade.app */,
			);
			name = Products;
			sourceTree = "<group>";
		};
		4645D2F216F44D1900C38D39 /* Frameworks */ = {
			isa = PBXGroup;
			children = (
				4645D39E16F6917400C38D39 /* MobileCoreServices.framework */,
				4645D36D16F494AC00C38D39 /* QuartzCore.framework */,
				4645D32016F44DDB00C38D39 /* FacebookSDK.framework */,
				4645D31616F44DC200C38D39 /* Accounts.framework */,
				4645D31716F44DC200C38D39 /* AdSupport.framework */,
				4645D31816F44DC200C38D39 /* Security.framework */,
				4645D31916F44DC200C38D39 /* Social.framework */,
				4645D31A16F44DC200C38D39 /* SystemConfiguration.framework */,
				4645D2F316F44D1900C38D39 /* UIKit.framework */,
				4645D2F516F44D1900C38D39 /* Foundation.framework */,
				4645D2F716F44D1900C38D39 /* CoreGraphics.framework */,
				4645D2F916F44D1900C38D39 /* CoreData.framework */,
			);
			name = Frameworks;
			sourceTree = "<group>";
		};
		4645D2FB16F44D1900C38D39 /* homemade */ = {
			isa = PBXGroup;
			children = (
				4645D30416F44D1900C38D39 /* HMAppDelegate.h */,
				4645D30516F44D1900C38D39 /* HMAppDelegate.m */,
				4645D30D16F44D1900C38D39 /* homemade.xcdatamodeld */,
				4645D2FC16F44D1900C38D39 /* Supporting Files */,
			);
			path = homemade;
			sourceTree = "<group>";
		};
		4645D2FC16F44D1900C38D39 /* Supporting Files */ = {
			isa = PBXGroup;
			children = (
				4645D2FD16F44D1900C38D39 /* homemade-Info.plist */,
				4645D2FE16F44D1900C38D39 /* InfoPlist.strings */,
				4645D30116F44D1900C38D39 /* main.m */,
				4645D30316F44D1900C38D39 /* homemade-Prefix.pch */,
				4645D30716F44D1900C38D39 /* Default.png */,
				4645D30916F44D1900C38D39 /* Default@2x.png */,
				4645D30B16F44D1900C38D39 /* Default-568h@2x.png */,
			);
			name = "Supporting Files";
			sourceTree = "<group>";
		};
		4645D31516F44D3F00C38D39 /* Vendor */ = {
			isa = PBXGroup;
			children = (
				466F4F771701A61B0076AB3D /* EDColor */,
				46A7D8D816FDB5B7001C822D /* FXLabel */,
				4645D35A16F4514F00C38D39 /* SVPullToRefresh */,
				4645D35416F4514800C38D39 /* SVProgressHUD */,
				4645D35016F4514200C38D39 /* SSKeychain */,
				4645D34916F4513C00C38D39 /* JASidePanels */,
				4645D34216F4513600C38D39 /* FXImageView */,
				4645D32516F4512C00C38D39 /* AFNetworking */,
			);
			name = Vendor;
			sourceTree = "<group>";
		};
		4645D32216F44E2400C38D39 /* Resources */ = {
			isa = PBXGroup;
			children = (
				466F4FAD170408310076AB3D /* temp */,
				466F4FAB1703144E0076AB3D /* icons_menu.png */,
				466F4F951703046F0076AB3D /* icons_search.png */,
				466F4F931702FDAB0076AB3D /* nav-bar@2x.png */,
				466F4F8F1701B77B0076AB3D /* icons_4.png */,
				466F4F8D1701B76E0076AB3D /* icons_3.png */,
				466F4F8B1701B5850076AB3D /* icons_2.png */,
				466F4F891701AD5B0076AB3D /* icons_1.png */,
				4645D3BF16F9859C00C38D39 /* HM_app_icon 2.png */,
				EAB6D50716F72A1600A3616F /* arrow_right.png */,
				EAB6D50916F856FC00A3616F /* arrow_right@2x.png */,
				EAB6D50B16F857F700A3616F /* blend_bottom.png */,
				EAB6D50C16F857F700A3616F /* blend_bottom@2x.png */,
				EAB6D50D16F857F700A3616F /* blend_top.png */,
				EAB6D50E16F857F700A3616F /* blend_top@2x.png */,
				4645D37E16F52FE100C38D39 /* icon_menu.png */,
				4645D37216F5288900C38D39 /* icon_cloud.png */,
				4645D37316F5288900C38D39 /* icon_date.png */,
				4645D37416F5288900C38D39 /* icon_heart.png */,
				4645D37516F5288900C38D39 /* icon_search.png */,
				4645D37616F5288900C38D39 /* icon_setting.png */,
				4645D32316F44E3B00C38D39 /* FacebookSDKResources.bundle */,
			);
			name = Resources;
			sourceTree = "<group>";
		};
		4645D32516F4512C00C38D39 /* AFNetworking */ = {
			isa = PBXGroup;
			children = (
				4645D32616F4512C00C38D39 /* AFHTTPClient.h */,
				4645D32716F4512C00C38D39 /* AFHTTPClient.m */,
				4645D32816F4512C00C38D39 /* AFHTTPRequestOperation.h */,
				4645D32916F4512C00C38D39 /* AFHTTPRequestOperation.m */,
				4645D32A16F4512C00C38D39 /* AFImageRequestOperation.h */,
				4645D32B16F4512C00C38D39 /* AFImageRequestOperation.m */,
				4645D32C16F4512C00C38D39 /* AFJSONRequestOperation.h */,
				4645D32D16F4512C00C38D39 /* AFJSONRequestOperation.m */,
				4645D32E16F4512C00C38D39 /* AFNetworkActivityIndicatorManager.h */,
				4645D32F16F4512C00C38D39 /* AFNetworkActivityIndicatorManager.m */,
				4645D33016F4512C00C38D39 /* AFNetworking.h */,
				4645D33116F4512C00C38D39 /* AFPropertyListRequestOperation.h */,
				4645D33216F4512C00C38D39 /* AFPropertyListRequestOperation.m */,
				4645D33316F4512C00C38D39 /* AFURLConnectionOperation.h */,
				4645D33416F4512C00C38D39 /* AFURLConnectionOperation.m */,
				4645D33516F4512C00C38D39 /* AFXMLRequestOperation.h */,
				4645D33616F4512C00C38D39 /* AFXMLRequestOperation.m */,
				4645D33716F4512C00C38D39 /* UIImageView+AFNetworking.h */,
				4645D33816F4512C00C38D39 /* UIImageView+AFNetworking.m */,
			);
			name = AFNetworking;
			path = Vendor/AFNetworking;
			sourceTree = "<group>";
		};
		4645D34216F4513600C38D39 /* FXImageView */ = {
			isa = PBXGroup;
			children = (
				4645D34316F4513600C38D39 /* FXImageView.h */,
				4645D34416F4513600C38D39 /* FXImageView.m */,
				4645D34516F4513600C38D39 /* UIImage+FX.h */,
				4645D34616F4513600C38D39 /* UIImage+FX.m */,
			);
			name = FXImageView;
			path = Vendor/FXImageView;
			sourceTree = "<group>";
		};
		4645D34916F4513C00C38D39 /* JASidePanels */ = {
			isa = PBXGroup;
			children = (
				4645D34A16F4513C00C38D39 /* JASidePanelController.h */,
				4645D34B16F4513C00C38D39 /* JASidePanelController.m */,
				4645D34C16F4513C00C38D39 /* UIViewController+JASidePanel.h */,
				4645D34D16F4513C00C38D39 /* UIViewController+JASidePanel.m */,
			);
			name = JASidePanels;
			path = Vendor/JASidePanels;
			sourceTree = "<group>";
		};
		4645D35016F4514200C38D39 /* SSKeychain */ = {
			isa = PBXGroup;
			children = (
				466F4F71170154860076AB3D /* SSKeychain.h */,
				466F4F72170154860076AB3D /* SSKeychain.m */,
				466F4F73170154860076AB3D /* SSKeychainQuery.h */,
				466F4F74170154860076AB3D /* SSKeychainQuery.m */,
			);
			name = SSKeychain;
			path = Vendor/SSKeychain;
			sourceTree = "<group>";
		};
		4645D35416F4514800C38D39 /* SVProgressHUD */ = {
			isa = PBXGroup;
			children = (
				4645D35516F4514800C38D39 /* SVProgressHUD.bundle */,
				4645D35616F4514800C38D39 /* SVProgressHUD.h */,
				4645D35716F4514800C38D39 /* SVProgressHUD.m */,
			);
			name = SVProgressHUD;
			path = Vendor/SVProgressHUD;
			sourceTree = "<group>";
		};
		4645D35A16F4514F00C38D39 /* SVPullToRefresh */ = {
			isa = PBXGroup;
			children = (
				4645D35B16F4514F00C38D39 /* SVPullToRefresh.h */,
				4645D35C16F4514F00C38D39 /* UIScrollView+SVInfiniteScrolling.h */,
				4645D35D16F4514F00C38D39 /* UIScrollView+SVInfiniteScrolling.m */,
				4645D35E16F4514F00C38D39 /* UIScrollView+SVPullToRefresh.h */,
				4645D35F16F4514F00C38D39 /* UIScrollView+SVPullToRefresh.m */,
			);
			name = SVPullToRefresh;
			path = Vendor/SVPullToRefresh;
			sourceTree = "<group>";
		};
		4645D36216F4660800C38D39 /* UILayer */ = {
			isa = PBXGroup;
			children = (
				466F4F9F1703093B0076AB3D /* HMIngredientCell.h */,
				466F4FA01703093B0076AB3D /* HMIngredientCell.m */,
				466F4FA11703093B0076AB3D /* HMRecipeStepCell.h */,
				466F4FA21703093B0076AB3D /* HMRecipeStepCell.m */,
				466F4FA31703093B0076AB3D /* HMRecipeTipCell.h */,
				466F4FA41703093B0076AB3D /* HMRecipeTipCell.m */,
				466F4FA51703093B0076AB3D /* HMRecipeViewController.h */,
				466F4FA61703093B0076AB3D /* HMRecipeViewController.m */,
				462A770C16FC28B800C3CBF7 /* RecipeUI */,
				4645D3F616FB52BC00C38D39 /* CommonUI */,
				4645D3A616F7278600C38D39 /* AccountUI */,
				4645D39B16F68FE600C38D39 /* MenuUI */,
				4645D39416F68EF600C38D39 /* DoneUI */,
				4645D39316F68EEB00C38D39 /* SaveUI */,
				4645D38116F5E8C900C38D39 /* SearchUI */,
				4645D38016F532C000C38D39 /* SettingUI */,
				4645D36316F4661100C38D39 /* MainUI */,
			);
			name = UILayer;
			sourceTree = "<group>";
		};
		4645D36316F4661100C38D39 /* MainUI */ = {
			isa = PBXGroup;
			children = (
				4645D36416F4666800C38D39 /* HMMainViewController.h */,
				4645D36516F4666800C38D39 /* HMMainViewController.m */,
				4645D36A16F4940E00C38D39 /* HMFeedStreamViewController.h */,
				4645D36B16F4940E00C38D39 /* HMFeedStreamViewController.m */,
				4645D3F316FB440F00C38D39 /* HMFeedStreamViewCell.h */,
				4645D3F416FB440F00C38D39 /* HMFeedStreamViewCell.m */,
			);
			name = MainUI;
			sourceTree = "<group>";
		};
		4645D38016F532C000C38D39 /* SettingUI */ = {
			isa = PBXGroup;
			children = (
				4645D3A316F718DD00C38D39 /* HMSettingViewController.h */,
				4645D3A416F718DD00C38D39 /* HMSettingViewController.m */,
			);
			name = SettingUI;
			sourceTree = "<group>";
		};
		4645D38116F5E8C900C38D39 /* SearchUI */ = {
			isa = PBXGroup;
			children = (
				4645D38216F5E8ED00C38D39 /* HMSearchViewController.h */,
				4645D38316F5E8ED00C38D39 /* HMSearchViewController.m */,
			);
			name = SearchUI;
			sourceTree = "<group>";
		};
		4645D38516F5ED9300C38D39 /* BaseLayer */ = {
			isa = PBXGroup;
			children = (
				4645D38916F5EDFE00C38D39 /* Account */,
				4645D38816F5EDF100C38D39 /* Network */,
				4645D38716F5EDE100C38D39 /* CoreData */,
				4645D38616F5EDD100C38D39 /* DataModel */,
			);
			name = BaseLayer;
			sourceTree = "<group>";
		};
		4645D38616F5EDD100C38D39 /* DataModel */ = {
			isa = PBXGroup;
			children = (
				4645D39016F5F1BB00C38D39 /* HMFeedItem.h */,
				4645D39116F5F1BB00C38D39 /* HMFeedItem.m */,
				EAA530E816FADF2100916972 /* HMFeedItemJAO.h */,
				EAA530E916FADF2100916972 /* HMFeedItemJAO.m */,
				EAA530EB16FAE5CD00916972 /* HMMD5Hash.h */,
				EAA530EC16FAE5CD00916972 /* HMMD5Hash.m */,
				EAA530F016FAEE3D00916972 /* Homemade.xcdatamodeld */,
				462A770616FC1B2400C3CBF7 /* HMRecipe.h */,
				462A770716FC1B2400C3CBF7 /* HMRecipe.m */,
			);
			name = DataModel;
			sourceTree = "<group>";
		};
		4645D38716F5EDE100C38D39 /* CoreData */ = {
			isa = PBXGroup;
			children = (
			);
			name = CoreData;
			sourceTree = "<group>";
		};
		4645D38816F5EDF100C38D39 /* Network */ = {
			isa = PBXGroup;
			children = (
				4645D3F016F9AA4E00C38D39 /* HMFeedAPIClient.h */,
				4645D3F116F9AA4E00C38D39 /* HMFeedAPIClient.m */,
			);
			name = Network;
			sourceTree = "<group>";
		};
		4645D38916F5EDFE00C38D39 /* Account */ = {
			isa = PBXGroup;
			children = (
			);
			name = Account;
			sourceTree = "<group>";
		};
		4645D39316F68EEB00C38D39 /* SaveUI */ = {
			isa = PBXGroup;
			children = (
				4645D39816F68F4C00C38D39 /* HMSaveViewController.h */,
				4645D39916F68F4C00C38D39 /* HMSaveViewController.m */,
			);
			name = SaveUI;
			sourceTree = "<group>";
		};
		4645D39416F68EF600C38D39 /* DoneUI */ = {
			isa = PBXGroup;
			children = (
				4645D39516F68F3100C38D39 /* HMDoneViewController.h */,
				4645D39616F68F3100C38D39 /* HMDoneViewController.m */,
			);
			name = DoneUI;
			sourceTree = "<group>";
		};
		4645D39B16F68FE600C38D39 /* MenuUI */ = {
			isa = PBXGroup;
			children = (
				4645D3A016F6929C00C38D39 /* HMMenuViewController.h */,
				4645D3A116F6929C00C38D39 /* HMMenuViewController.m */,
				EAB6D50416F7246B00A3616F /* LeftPanelCell.h */,
				EAB6D50516F7246B00A3616F /* LeftPanelCell.m */,
			);
			name = MenuUI;
			sourceTree = "<group>";
		};
		4645D3A616F7278600C38D39 /* AccountUI */ = {
			isa = PBXGroup;
			children = (
				4645D3A716F727A300C38D39 /* HMAccountViewController.h */,
				4645D3A816F727A300C38D39 /* HMAccountViewController.m */,
			);
			name = AccountUI;
			sourceTree = "<group>";
		};
		4645D3F616FB52BC00C38D39 /* CommonUI */ = {
			isa = PBXGroup;
			children = (
				4645D3F716FB539D00C38D39 /* HMNavigationBar.h */,
				4645D3F816FB539D00C38D39 /* HMNavigationBar.m */,
			);
			name = CommonUI;
			sourceTree = "<group>";
		};
		466F4F771701A61B0076AB3D /* EDColor */ = {
			isa = PBXGroup;
			children = (
				466F4F781701A61B0076AB3D /* Crayola.h */,
				466F4F791701A61B0076AB3D /* EDColor.h */,
				466F4F7A1701A61B0076AB3D /* UIColor+CIELAB.h */,
				466F4F7B1701A61B0076AB3D /* UIColor+CIELAB.m */,
				466F4F7C1701A61B0076AB3D /* UIColor+Crayola.h */,
				466F4F7D1701A61B0076AB3D /* UIColor+Crayola.m */,
				466F4F7E1701A61B0076AB3D /* UIColor+Hex.h */,
				466F4F7F1701A61B0076AB3D /* UIColor+Hex.m */,
				466F4F801701A61B0076AB3D /* UIColor+HSB.h */,
				466F4F811701A61B0076AB3D /* UIColor+HSB.m */,
				466F4F821701A61B0076AB3D /* UIColor+HSL.h */,
				466F4F831701A61B0076AB3D /* UIColor+HSL.m */,
			);
			name = EDColor;
			path = Vendor/EDColor;
			sourceTree = "<group>";
		};
		466F4FAD170408310076AB3D /* temp */ = {
			isa = PBXGroup;
			children = (
				466F4FAE170408490076AB3D /* pic_1.jpg */,
				466F4FAF170408490076AB3D /* pic_2.jpg */,
				466F4FB0170408490076AB3D /* pic_3.jpg */,
				466F4FB1170408490076AB3D /* pic_4.jpg */,
				466F4FB2170408490076AB3D /* pic_5.jpg */,
				466F4FB3170408490076AB3D /* pic_6.jpg */,
				466F4FB4170408490076AB3D /* pic_7.jpg */,
				466F4FB5170408490076AB3D /* pic_8.jpg */,
				466F4FB6170408490076AB3D /* pic_9.jpg */,
				466F4FB7170408490076AB3D /* pic_10.jpg */,
			);
			name = temp;
			sourceTree = "<group>";
		};
		46A7D8D816FDB5B7001C822D /* FXLabel */ = {
			isa = PBXGroup;
			children = (
				46A7D8D916FDB5B7001C822D /* FXLabel.h */,
				46A7D8DA16FDB5B7001C822D /* FXLabel.m */,
			);
			name = FXLabel;
			path = Vendor/FXLabel;
			sourceTree = "<group>";
		};
/* End PBXGroup section */

/* Begin PBXNativeTarget section */
		4645D2EF16F44D1900C38D39 /* homemade */ = {
			isa = PBXNativeTarget;
			buildConfigurationList = 4645D31216F44D1900C38D39 /* Build configuration list for PBXNativeTarget "homemade" */;
			buildPhases = (
				4645D2EC16F44D1900C38D39 /* Sources */,
				4645D2ED16F44D1900C38D39 /* Frameworks */,
				4645D2EE16F44D1900C38D39 /* Resources */,
			);
			buildRules = (
			);
			dependencies = (
			);
			name = homemade;
			productName = homemade;
			productReference = 4645D2F016F44D1900C38D39 /* homemade.app */;
			productType = "com.apple.product-type.application";
		};
/* End PBXNativeTarget section */

/* Begin PBXProject section */
		4645D2E816F44D1800C38D39 /* Project object */ = {
			isa = PBXProject;
			attributes = {
				CLASSPREFIX = HM;
				LastUpgradeCheck = 0460;
				ORGANIZATIONNAME = "Guan Guan";
			};
			buildConfigurationList = 4645D2EB16F44D1800C38D39 /* Build configuration list for PBXProject "homemade" */;
			compatibilityVersion = "Xcode 3.2";
			developmentRegion = English;
			hasScannedForEncodings = 0;
			knownRegions = (
				en,
			);
			mainGroup = 4645D2E716F44D1800C38D39;
			productRefGroup = 4645D2F116F44D1900C38D39 /* Products */;
			projectDirPath = "";
			projectRoot = "";
			targets = (
				4645D2EF16F44D1900C38D39 /* homemade */,
			);
		};
/* End PBXProject section */

/* Begin PBXResourcesBuildPhase section */
		4645D2EE16F44D1900C38D39 /* Resources */ = {
			isa = PBXResourcesBuildPhase;
			buildActionMask = 2147483647;
			files = (
				4645D30016F44D1900C38D39 /* InfoPlist.strings in Resources */,
				4645D30816F44D1900C38D39 /* Default.png in Resources */,
				4645D30A16F44D1900C38D39 /* Default@2x.png in Resources */,
				4645D30C16F44D1900C38D39 /* Default-568h@2x.png in Resources */,
				4645D32416F44E3B00C38D39 /* FacebookSDKResources.bundle in Resources */,
				4645D35816F4514800C38D39 /* SVProgressHUD.bundle in Resources */,
				4645D37816F5288900C38D39 /* icon_cloud.png in Resources */,
				4645D37916F5288900C38D39 /* icon_date.png in Resources */,
				4645D37A16F5288900C38D39 /* icon_heart.png in Resources */,
				4645D37B16F5288900C38D39 /* icon_search.png in Resources */,
				4645D37C16F5288900C38D39 /* icon_setting.png in Resources */,
				4645D37F16F52FE100C38D39 /* icon_menu.png in Resources */,
				EAB6D50816F72A1600A3616F /* arrow_right.png in Resources */,
				EAB6D50A16F856FC00A3616F /* arrow_right@2x.png in Resources */,
				EAB6D50F16F857F700A3616F /* blend_bottom.png in Resources */,
				EAB6D51016F857F700A3616F /* blend_bottom@2x.png in Resources */,
				EAB6D51116F857F700A3616F /* blend_top.png in Resources */,
				EAB6D51216F857F700A3616F /* blend_top@2x.png in Resources */,
				4645D3C016F9859C00C38D39 /* HM_app_icon 2.png in Resources */,
				466F4F8A1701AD5B0076AB3D /* icons_1.png in Resources */,
				466F4F8C1701B5850076AB3D /* icons_2.png in Resources */,
				466F4F8E1701B76E0076AB3D /* icons_3.png in Resources */,
				466F4F901701B77B0076AB3D /* icons_4.png in Resources */,
				466F4F941702FDAB0076AB3D /* nav-bar@2x.png in Resources */,
				466F4F961703046F0076AB3D /* icons_search.png in Resources */,
				466F4FAC1703144E0076AB3D /* icons_menu.png in Resources */,
				466F4FB8170408490076AB3D /* pic_1.jpg in Resources */,
				466F4FB9170408490076AB3D /* pic_2.jpg in Resources */,
				466F4FBA170408490076AB3D /* pic_3.jpg in Resources */,
				466F4FBB170408490076AB3D /* pic_4.jpg in Resources */,
				466F4FBC170408490076AB3D /* pic_5.jpg in Resources */,
				466F4FBD170408490076AB3D /* pic_6.jpg in Resources */,
				466F4FBE170408490076AB3D /* pic_7.jpg in Resources */,
				466F4FBF170408490076AB3D /* pic_8.jpg in Resources */,
				466F4FC0170408490076AB3D /* pic_9.jpg in Resources */,
				466F4FC1170408490076AB3D /* pic_10.jpg in Resources */,
			);
			runOnlyForDeploymentPostprocessing = 0;
		};
/* End PBXResourcesBuildPhase section */

/* Begin PBXSourcesBuildPhase section */
		4645D2EC16F44D1900C38D39 /* Sources */ = {
			isa = PBXSourcesBuildPhase;
			buildActionMask = 2147483647;
			files = (
				4645D30216F44D1900C38D39 /* main.m in Sources */,
				4645D30616F44D1900C38D39 /* HMAppDelegate.m in Sources */,
				4645D30F16F44D1900C38D39 /* homemade.xcdatamodeld in Sources */,
				4645D33916F4512C00C38D39 /* AFHTTPClient.m in Sources */,
				4645D33A16F4512C00C38D39 /* AFHTTPRequestOperation.m in Sources */,
				4645D33B16F4512C00C38D39 /* AFImageRequestOperation.m in Sources */,
				4645D33C16F4512C00C38D39 /* AFJSONRequestOperation.m in Sources */,
				4645D33D16F4512C00C38D39 /* AFNetworkActivityIndicatorManager.m in Sources */,
				4645D33E16F4512C00C38D39 /* AFPropertyListRequestOperation.m in Sources */,
				4645D33F16F4512C00C38D39 /* AFURLConnectionOperation.m in Sources */,
				4645D34016F4512C00C38D39 /* AFXMLRequestOperation.m in Sources */,
				4645D34116F4512C00C38D39 /* UIImageView+AFNetworking.m in Sources */,
				4645D34716F4513600C38D39 /* FXImageView.m in Sources */,
				4645D34816F4513600C38D39 /* UIImage+FX.m in Sources */,
				4645D34E16F4513C00C38D39 /* JASidePanelController.m in Sources */,
				4645D34F16F4513C00C38D39 /* UIViewController+JASidePanel.m in Sources */,
				4645D35916F4514800C38D39 /* SVProgressHUD.m in Sources */,
				4645D36016F4514F00C38D39 /* UIScrollView+SVInfiniteScrolling.m in Sources */,
				4645D36116F4514F00C38D39 /* UIScrollView+SVPullToRefresh.m in Sources */,
				4645D36616F4666800C38D39 /* HMMainViewController.m in Sources */,
				4645D36C16F4940E00C38D39 /* HMFeedStreamViewController.m in Sources */,
				4645D38416F5E8ED00C38D39 /* HMSearchViewController.m in Sources */,
				4645D39216F5F1BB00C38D39 /* HMFeedItem.m in Sources */,
				4645D39716F68F3100C38D39 /* HMDoneViewController.m in Sources */,
				4645D39A16F68F4C00C38D39 /* HMSaveViewController.m in Sources */,
				4645D3A216F6929C00C38D39 /* HMMenuViewController.m in Sources */,
				EAB6D50616F7246B00A3616F /* LeftPanelCell.m in Sources */,
				4645D3A516F718DD00C38D39 /* HMSettingViewController.m in Sources */,
				4645D3A916F727A300C38D39 /* HMAccountViewController.m in Sources */,
				4645D3F216F9AA4E00C38D39 /* HMFeedAPIClient.m in Sources */,
				EAA530EA16FADF2100916972 /* HMFeedItemJAO.m in Sources */,
				EAA530ED16FAE5CD00916972 /* HMMD5Hash.m in Sources */,
				EAA530F216FAEE3D00916972 /* Homemade.xcdatamodeld in Sources */,
				4645D3F516FB441000C38D39 /* HMFeedStreamViewCell.m in Sources */,
				466F4FA817030A000076AB3D /* HMIngredientCell.m in Sources */,
				4645D3F916FB539D00C38D39 /* HMNavigationBar.m in Sources */,
				462A770816FC1B2400C3CBF7 /* HMRecipe.m in Sources */,
				46A7D8DB16FDB5B7001C822D /* FXLabel.m in Sources */,
				466F4FA917030A030076AB3D /* HMRecipeStepCell.m in Sources */,
				466F4FAA17030A050076AB3D /* HMRecipeTipCell.m in Sources */,
				466F4F75170154860076AB3D /* SSKeychain.m in Sources */,
				466F4FA7170309E30076AB3D /* HMRecipeViewController.m in Sources */,
				466F4F76170154860076AB3D /* SSKeychainQuery.m in Sources */,
				466F4F841701A61B0076AB3D /* UIColor+CIELAB.m in Sources */,
				466F4F851701A61B0076AB3D /* UIColor+Crayola.m in Sources */,
				466F4F861701A61B0076AB3D /* UIColor+Hex.m in Sources */,
				466F4F871701A61B0076AB3D /* UIColor+HSB.m in Sources */,
				466F4F881701A61B0076AB3D /* UIColor+HSL.m in Sources */,
			);
			runOnlyForDeploymentPostprocessing = 0;
		};
/* End PBXSourcesBuildPhase section */

/* Begin PBXVariantGroup section */
		4645D2FE16F44D1900C38D39 /* InfoPlist.strings */ = {
			isa = PBXVariantGroup;
			children = (
				4645D2FF16F44D1900C38D39 /* en */,
			);
			name = InfoPlist.strings;
			sourceTree = "<group>";
		};
/* End PBXVariantGroup section */

/* Begin XCBuildConfiguration section */
		4645D31016F44D1900C38D39 /* Debug */ = {
			isa = XCBuildConfiguration;
			buildSettings = {
				ALWAYS_SEARCH_USER_PATHS = NO;
				CLANG_CXX_LANGUAGE_STANDARD = "gnu++0x";
				CLANG_CXX_LIBRARY = "libc++";
				CLANG_ENABLE_OBJC_ARC = YES;
				CLANG_WARN_CONSTANT_CONVERSION = YES;
				CLANG_WARN_EMPTY_BODY = YES;
				CLANG_WARN_ENUM_CONVERSION = YES;
				CLANG_WARN_INT_CONVERSION = YES;
				CLANG_WARN__DUPLICATE_METHOD_MATCH = YES;
				"CODE_SIGN_IDENTITY[sdk=iphoneos*]" = "iPhone Developer";
				COPY_PHASE_STRIP = NO;
				GCC_C_LANGUAGE_STANDARD = gnu99;
				GCC_DYNAMIC_NO_PIC = NO;
				GCC_OPTIMIZATION_LEVEL = 0;
				GCC_PREPROCESSOR_DEFINITIONS = (
					"DEBUG=1",
					"$(inherited)",
				);
				GCC_SYMBOLS_PRIVATE_EXTERN = NO;
				GCC_WARN_ABOUT_RETURN_TYPE = YES;
				GCC_WARN_UNINITIALIZED_AUTOS = YES;
				GCC_WARN_UNUSED_VARIABLE = YES;
				IPHONEOS_DEPLOYMENT_TARGET = 6.1;
				ONLY_ACTIVE_ARCH = YES;
				OTHER_LDFLAGS = (
					"-lsqlite3.0",
					"-ObjC",
				);
				SDKROOT = iphoneos;
			};
			name = Debug;
		};
		4645D31116F44D1900C38D39 /* Release */ = {
			isa = XCBuildConfiguration;
			buildSettings = {
				ALWAYS_SEARCH_USER_PATHS = NO;
				CLANG_CXX_LANGUAGE_STANDARD = "gnu++0x";
				CLANG_CXX_LIBRARY = "libc++";
				CLANG_ENABLE_OBJC_ARC = YES;
				CLANG_WARN_CONSTANT_CONVERSION = YES;
				CLANG_WARN_EMPTY_BODY = YES;
				CLANG_WARN_ENUM_CONVERSION = YES;
				CLANG_WARN_INT_CONVERSION = YES;
				CLANG_WARN__DUPLICATE_METHOD_MATCH = YES;
				"CODE_SIGN_IDENTITY[sdk=iphoneos*]" = "iPhone Developer";
				COPY_PHASE_STRIP = YES;
				GCC_C_LANGUAGE_STANDARD = gnu99;
				GCC_WARN_ABOUT_RETURN_TYPE = YES;
				GCC_WARN_UNINITIALIZED_AUTOS = YES;
				GCC_WARN_UNUSED_VARIABLE = YES;
				IPHONEOS_DEPLOYMENT_TARGET = 6.1;
				OTHER_CFLAGS = "-DNS_BLOCK_ASSERTIONS=1";
				OTHER_LDFLAGS = (
					"-lsqlite3.0",
					"-ObjC",
				);
				SDKROOT = iphoneos;
				VALIDATE_PRODUCT = YES;
			};
			name = Release;
		};
		4645D31316F44D1900C38D39 /* Debug */ = {
			isa = XCBuildConfiguration;
			buildSettings = {
				FRAMEWORK_SEARCH_PATHS = (
					"$(inherited)",
					"\"$(SRCROOT)/Vendor\"",
				);
				GCC_PRECOMPILE_PREFIX_HEADER = YES;
				GCC_PREFIX_HEADER = "homemade/homemade-Prefix.pch";
				INFOPLIST_FILE = "homemade/homemade-Info.plist";
				LIBRARY_SEARCH_PATHS = (
					"$(inherited)",
					"\"$(SDKROOT)/usr/lib/system\"",
				);
				PRODUCT_NAME = "$(TARGET_NAME)";
				WRAPPER_EXTENSION = app;
			};
			name = Debug;
		};
		4645D31416F44D1900C38D39 /* Release */ = {
			isa = XCBuildConfiguration;
			buildSettings = {
				FRAMEWORK_SEARCH_PATHS = (
					"$(inherited)",
					"\"$(SRCROOT)/Vendor\"",
				);
				GCC_PRECOMPILE_PREFIX_HEADER = YES;
				GCC_PREFIX_HEADER = "homemade/homemade-Prefix.pch";
				INFOPLIST_FILE = "homemade/homemade-Info.plist";
				LIBRARY_SEARCH_PATHS = (
					"$(inherited)",
					"\"$(SDKROOT)/usr/lib/system\"",
				);
				PRODUCT_NAME = "$(TARGET_NAME)";
				WRAPPER_EXTENSION = app;
			};
			name = Release;
		};
/* End XCBuildConfiguration section */

/* Begin XCConfigurationList section */
		4645D2EB16F44D1800C38D39 /* Build configuration list for PBXProject "homemade" */ = {
			isa = XCConfigurationList;
			buildConfigurations = (
				4645D31016F44D1900C38D39 /* Debug */,
				4645D31116F44D1900C38D39 /* Release */,
			);
			defaultConfigurationIsVisible = 0;
			defaultConfigurationName = Release;
		};
		4645D31216F44D1900C38D39 /* Build configuration list for PBXNativeTarget "homemade" */ = {
			isa = XCConfigurationList;
			buildConfigurations = (
				4645D31316F44D1900C38D39 /* Debug */,
				4645D31416F44D1900C38D39 /* Release */,
			);
			defaultConfigurationIsVisible = 0;
			defaultConfigurationName = Release;
		};
/* End XCConfigurationList section */

/* Begin XCVersionGroup section */
		4645D30D16F44D1900C38D39 /* homemade.xcdatamodeld */ = {
			isa = XCVersionGroup;
			children = (
				4645D30E16F44D1900C38D39 /* homemade.xcdatamodel */,
			);
			currentVersion = 4645D30E16F44D1900C38D39 /* homemade.xcdatamodel */;
			path = homemade.xcdatamodeld;
			sourceTree = "<group>";
			versionGroupType = wrapper.xcdatamodel;
		};
		EAA530F016FAEE3D00916972 /* Homemade.xcdatamodeld */ = {
			isa = XCVersionGroup;
			children = (
				EAA530F116FAEE3D00916972 /* Homemade.xcdatamodel */,
			);
			currentVersion = EAA530F116FAEE3D00916972 /* Homemade.xcdatamodel */;
			name = Homemade.xcdatamodeld;
			path = BaseLayer/DataModel/Homemade.xcdatamodeld;
			sourceTree = "<group>";
			versionGroupType = wrapper.xcdatamodel;
		};
/* End XCVersionGroup section */
	};
	rootObject = 4645D2E816F44D1800C38D39 /* Project object */;
}
